
Microsoft Visual Studio Solution File, Format Version 12.00
# Visual Studio Version 17
VisualStudioVersion = 17.1.32210.238
MinimumVisualStudioVersion = 10.0.40219.1
Project("{9A19103F-16F7-4668-BE54-9A1E7A4F7556}") = "Service", "Service\Service.csproj", "{33B4E707-1FF1-4CBA-A11D-5AD4B9869612}"
EndProject
Project("{E24C65DC-7377-472B-9ABA-BC803B73C61A}") = "Control", "Control\", "{3A79784E-4C76-4EA7-8CBA-7D2E1AC4CB05}"
	ProjectSection(WebsiteProperties) = preProject
		TargetFrameworkMoniker = ".NETFramework,Version%3Dv4.8"
		Debug.AspNetCompiler.VirtualPath = "/localhost_57933"
		Debug.AspNetCompiler.PhysicalPath = "Control\"
		Debug.AspNetCompiler.TargetPath = "PrecompiledWeb\localhost_57933\"
		Debug.AspNetCompiler.Updateable = "true"
		Debug.AspNetCompiler.ForceOverwrite = "true"
		Debug.AspNetCompiler.FixedNames = "false"
		Debug.AspNetCompiler.Debug = "True"
		Release.AspNetCompiler.VirtualPath = "/localhost_57933"
		Release.AspNetCompiler.PhysicalPath = "Control\"
		Release.AspNetCompiler.TargetPath = "PrecompiledWeb\localhost_57933\"
		Release.AspNetCompiler.Updateable = "true"
		Release.AspNetCompiler.ForceOverwrite = "true"
		Release.AspNetCompiler.FixedNames = "false"
		Release.AspNetCompiler.Debug = "False"
		VWDPort = "57933"
		SlnRelativePath = "Control\"
	EndProjectSection
EndProject
Global
	GlobalSection(SolutionConfigurationPlatforms) = preSolution
		Debug|Any CPU = Debug|Any CPU
		Release|Any CPU = Release|Any CPU
	EndGlobalSection
	GlobalSection(ProjectConfigurationPlatforms) = postSolution
		{33B4E707-1FF1-4CBA-A11D-5AD4B9869612}.Debug|Any CPU.ActiveCfg = Debug|Any CPU
		{33B4E707-1FF1-4CBA-A11D-5AD4B9869612}.Debug|Any CPU.Build.0 = Debug|Any CPU
		{33B4E707-1FF1-4CBA-A11D-5AD4B9869612}.Release|Any CPU.ActiveCfg = Release|Any CPU
		{33B4E707-1FF1-4CBA-A11D-5AD4B9869612}.Release|Any CPU.Build.0 = Release|Any CPU
		{3A79784E-4C76-4EA7-8CBA-7D2E1AC4CB05}.Debug|Any CPU.ActiveCfg = Debug|Any CPU
		{3A79784E-4C76-4EA7-8CBA-7D2E1AC4CB05}.Debug|Any CPU.Build.0 = Debug|Any CPU
		{3A79784E-4C76-4EA7-8CBA-7D2E1AC4CB05}.Release|Any CPU.ActiveCfg = Debug|Any CPU
		{3A79784E-4C76-4EA7-8CBA-7D2E1AC4CB05}.Release|Any CPU.Build.0 = Debug|Any CPU
	EndGlobalSection
	GlobalSection(SolutionProperties) = preSolution
		HideSolutionNode = FALSE
	EndGlobalSection
	GlobalSection(ExtensibilityGlobals) = postSolution
		SolutionGuid = {B8CBAF7F-3F01-475A-962B-70D9F003813D}
	EndGlobalSection
EndGlobal
